// !$*UTF8*$!
{
	archiveVersion = 1;
	classes = {
	};
	objectVersion = 46;
	objects = {

/* Begin PBXBuildFile section */
		6270DB331BD853CE0050EC58 /* AppDelegate.swift in Sources */ = {isa = PBXBuildFile; fileRef = 6270DB321BD853CE0050EC58 /* AppDelegate.swift */; };
		6270DB351BD853CE0050EC58 /* ViewController.swift in Sources */ = {isa = PBXBuildFile; fileRef = 6270DB341BD853CE0050EC58 /* ViewController.swift */; };
		6270DB381BD853CE0050EC58 /* Main.storyboard in Resources */ = {isa = PBXBuildFile; fileRef = 6270DB361BD853CE0050EC58 /* Main.storyboard */; };
		6270DB3A1BD853CE0050EC58 /* Assets.xcassets in Resources */ = {isa = PBXBuildFile; fileRef = 6270DB391BD853CE0050EC58 /* Assets.xcassets */; };
		6270DB3D1BD853CE0050EC58 /* LaunchScreen.storyboard in Resources */ = {isa = PBXBuildFile; fileRef = 6270DB3B1BD853CE0050EC58 /* LaunchScreen.storyboard */; };
		6270DB461BD8556B0050EC58 /* lion1.png in Resources */ = {isa = PBXBuildFile; fileRef = 6270DB441BD8556B0050EC58 /* lion1.png */; settings = {ASSET_TAGS = (); }; };
		6270DB471BD8556B0050EC58 /* lion2.png in Resources */ = {isa = PBXBuildFile; fileRef = 6270DB451BD8556B0050EC58 /* lion2.png */; settings = {ASSET_TAGS = (); }; };
/* End PBXBuildFile section */

/* Begin PBXFileReference section */
		6270DB2F1BD853CE0050EC58 /* WeArePennState.app */ = {isa = PBXFileReference; explicitFileType = wrapper.application; includeInIndex = 0; path = WeArePennState.app; sourceTree = BUILT_PRODUCTS_DIR; };
		6270DB321BD853CE0050EC58 /* AppDelegate.swift */ = {isa = PBXFileReference; lastKnownFileType = sourcecode.swift; path = AppDelegate.swift; sourceTree = "<group>"; };
		6270DB341BD853CE0050EC58 /* ViewController.swift */ = {isa = PBXFileReference; lastKnownFileType = sourcecode.swift; path = ViewController.swift; sourceTree = "<group>"; };
		6270DB371BD853CE0050EC58 /* Base */ = {isa = PBXFileReference; lastKnownFileType = file.storyboard; name = Base; path = Base.lproj/Main.storyboard; sourceTree = "<group>"; };
		6270DB391BD853CE0050EC58 /* Assets.xcassets */ = {isa = PBXFileReference; lastKnownFileType = folder.assetcatalog; path = Assets.xcassets; sourceTree = "<group>"; };
		6270DB3C1BD853CE0050EC58 /* Base */ = {isa = PBXFileReference; lastKnownFileType = file.storyboard; name = Base; path = Base.lproj/LaunchScreen.storyboard; sourceTree = "<group>"; };
		6270DB3E1BD853CE0050EC58 /* Info.plist */ = {isa = PBXFileReference; lastKnownFileType = text.plist.xml; path = Info.plist; sourceTree = "<group>"; };
		6270DB441BD8556B0050EC58 /* lion1.png */ = {isa = PBXFileReference; lastKnownFileType = image.png; path = lion1.png; sourceTree = "<group>"; };
		6270DB451BD8556B0050EC58 /* lion2.png */ = {isa = PBXFileReference; lastKnownFileType = image.png; path = lion2.png; sourceTree = "<group>"; };
/* End PBXFileReference section */

/* Begin PBXFrameworksBuildPhase section */
		6270DB2C1BD853CE0050EC58 /* Frameworks */ = {
			isa = PBXFrameworksBuildPhase;
			buildActionMask = 2147483647;
			files = (
			);
			runOnlyForDeploymentPostprocessing = 0;
		};
/* End PBXFrameworksBuildPhase section */

/* Begin PBXGroup section */
		6270DB261BD853CE0050EC58 = {
			isa = PBXGroup;
			children = (
				6270DB311BD853CE0050EC58 /* WeArePennState */,
				6270DB301BD853CE0050EC58 /* Products */,
			);
			sourceTree = "<group>";
		};
		6270DB301BD853CE0050EC58 /* Products */ = {
			isa = PBXGroup;
			children = (
				6270DB2F1BD853CE0050EC58 /* WeArePennState.app */,
			);
			name = Products;
			sourceTree = "<group>";
		};
		6270DB311BD853CE0050EC58 /* WeArePennState */ = {
			isa = PBXGroup;
			children = (
				6270DB321BD853CE0050EC58 /* AppDelegate.swift */,
				6270DB341BD853CE0050EC58 /* ViewController.swift */,
				6270DB361BD853CE0050EC58 /* Main.storyboard */,
				6270DB441BD8556B0050EC58 /* lion1.png */,
				6270DB451BD8556B0050EC58 /* lion2.png */,
				6270DB391BD853CE0050EC58 /* Assets.xcassets */,
				6270DB3B1BD853CE0050EC58 /* LaunchScreen.storyboard */,
				6270DB3E1BD853CE0050EC58 /* Info.plist */,
			);
			path = WeArePennState;
			sourceTree = "<group>";
		};
/* End PBXGroup section */

/* Begin PBXNativeTarget section */
		6270DB2E1BD853CE0050EC58 /* WeArePennState */ = {
			isa = PBXNativeTarget;
			buildConfigurationList = 6270DB411BD853CE0050EC58 /* Build configuration list for PBXNativeTarget "WeArePennState" */;
			buildPhases = (
				6270DB2B1BD853CE0050EC58 /* Sources */,
				6270DB2C1BD853CE0050EC58 /* Frameworks */,
				6270DB2D1BD853CE0050EC58 /* Resources */,
			);
			buildRules = (
			);
			dependencies = (
			);
			name = WeArePennState;
			productName = WeArePennState;
			productReference = 6270DB2F1BD853CE0050EC58 /* WeArePennState.app */;
			productType = "com.apple.product-type.application";
		};
/* End PBXNativeTarget section */

/* Begin PBXProject section */
		6270DB271BD853CE0050EC58 /* Project object */ = {
			isa = PBXProject;
			attributes = {
				LastUpgradeCheck = 0700;
				ORGANIZATIONNAME = "Kelly Hutchison";
				TargetAttributes = {
					6270DB2E1BD853CE0050EC58 = {
						CreatedOnToolsVersion = 7.0;
					};
				};
			};
			buildConfigurationList = 6270DB2A1BD853CE0050EC58 /* Build configuration list for PBXProject "WeArePennState" */;
			compatibilityVersion = "Xcode 3.2";
			developmentRegion = English;
			hasScannedForEncodings = 0;
			knownRegions = (
				en,
				Base,
			);
			mainGroup = 6270DB261BD853CE0050EC58;
			productRefGroup = 6270DB301BD853CE0050EC58 /* Products */;
			projectDirPath = "";
			projectRoot = "";
			targets = (
				6270DB2E1BD853CE0050EC58 /* WeArePennState */,
			);
		};
/* End PBXProject section */

/* Begin PBXResourcesBuildPhase section */
		6270DB2D1BD853CE0050EC58 /* Resources */ = {
			isa = PBXResourcesBuildPhase;
			buildActionMask = 2147483647;
			files = (
				6270DB3D1BD853CE0050EC58 /* LaunchScreen.storyboard in Resources */,
				6270DB3A1BD853CE0050EC58 /* Assets.xcassets in Resources */,
				6270DB471BD8556B0050EC58 /* lion2.png in Resources */,
				6270DB381BD853CE0050EC58 /* Main.storyboard in Resources */,
				6270DB461BD8556B0050EC58 /* lion1.png in Resources */,
			);
			runOnlyForDeploymentPostprocessing = 0;
		};
/* End PBXResourcesBuildPhase section */

/* Begin PBXSourcesBuildPhase section */
		6270DB2B1BD853CE0050EC58 /* Sources */ = {
			isa = PBXSourcesBuildPhase;
			buildActionMask = 2147483647;
			files = (
				6270DB351BD853CE0050EC58 /* ViewController.swift in Sources */,
				6270DB331BD853CE0050EC58 /* AppDelegate.swift in Sources */,
			);
			runOnlyForDeploymentPostprocessing = 0;
		};
/* End PBXSourcesBuildPhase section */

/* Begin PBXVariantGroup section */
		6270DB361BD853CE0050EC58 /* Main.storyboard */ = {
			isa = PBXVariantGroup;
			children = (
				6270DB371BD853CE0050EC58 /* Base */,
			);
			name = Main.storyboard;
			sourceTree = "<group>";
		};
		6270DB3B1BD853CE0050EC58 /* LaunchScreen.storyboard */ = {
			isa = PBXVariantGroup;
			children = (
				6270DB3C1BD853CE0050EC58 /* Base */,
			);
			name = LaunchScreen.storyboard;
			sourceTree = "<group>";
		};
/* End PBXVariantGroup section */

/* Begin XCBuildConfiguration section */
		6270DB3F1BD853CE0050EC58 /* Debug */ = {
			isa = XCBuildConfiguration;
			buildSettings = {
				ALWAYS_SEARCH_USER_PATHS = NO;
				CLANG_CXX_LANGUAGE_STANDARD = "gnu++0x";
				CLANG_CXX_LIBRARY = "libc++";
				CLANG_ENABLE_MODULES = YES;
				CLANG_ENABLE_OBJC_ARC = YES;
				CLANG_WARN_BOOL_CONVERSION = YES;
				CLANG_WARN_CONSTANT_CONVERSION = YES;
				CLANG_WARN_DIRECT_OBJC_ISA_USAGE = YES_ERROR;
				CLANG_WARN_EMPTY_BODY = YES;
				CLANG_WARN_ENUM_CONVERSION = YES;
				CLANG_WARN_INT_CONVERSION = YES;
				CLANG_WARN_OBJC_ROOT_CLASS = YES_ERROR;
				CLANG_WARN_UNREACHABLE_CODE = YES;
				CLANG_WARN__DUPLICATE_METHOD_MATCH = YES;
				"CODE_SIGN_IDENTITY[sdk=iphoneos*]" = "iPhone Developer";
				COPY_PHASE_STRIP = NO;
				DEBUG_INFORMATION_FORMAT = dwarf;
				ENABLE_STRICT_OBJC_MSGSEND = YES;
				ENABLE_TESTABILITY = YES;
				GCC_C_LANGUAGE_STANDARD = gnu99;
				GCC_DYNAMIC_NO_PIC = NO;
				GCC_NO_COMMON_BLOCKS = YES;
				GCC_OPTIMIZATION_LEVEL = 0;
				GCC_PREPROCESSOR_DEFINITIONS = (
					"DEBUG=1",
					"$(inherited)",
				);
				GCC_WARN_64_TO_32_BIT_CONVERSION = YES;
				GCC_WARN_ABOUT_RETURN_TYPE = YES_ERROR;
				GCC_WARN_UNDECLARED_SELECTOR = YES;
				GCC_WARN_UNINITIALIZED_AUTOS = YES_AGGRESSIVE;
				GCC_WARN_UNUSED_FUNCTION = YES;
				GCC_WARN_UNUSED_VARIABLE = YES;
				IPHONEOS_DEPLOYMENT_TARGET = 9.0;
				MTL_ENABLE_DEBUG_INFO = YES;
				ONLY_ACTIVE_ARCH = YES;
				SDKROOT = iphoneos;
				SWIFT_OPTIMIZATION_LEVEL = "-Onone";
				TARGETED_DEVICE_FAMILY = "1,2";
			};
			name = Debug;
		};
		6270DB401BD853CE0050EC58 /* Release */ = {
			isa = XCBuildConfiguration;
			buildSettings = {
				ALWAYS_SEARCH_USER_PATHS = NO;
				CLANG_CXX_LANGUAGE_STANDARD = "gnu++0x";
				CLANG_CXX_LIBRARY = "libc++";
				CLANG_ENABLE_MODULES = YES;
				CLANG_ENABLE_OBJC_ARC = YES;
				CLANG_WARN_BOOL_CONVERSION = YES;
				CLANG_WARN_CONSTANT_CONVERSION = YES;
				CLANG_WARN_DIRECT_OBJC_ISA_USAGE = YES_ERROR;
				CLANG_WARN_EMPTY_BODY = YES;
				CLANG_WARN_ENUM_CONVERSION = YES;
				CLANG_WARN_INT_CONVERSION = YES;
				CLANG_WARN_OBJC_ROOT_CLASS = YES_ERROR;
				CLANG_WARN_UNREACHABLE_CODE = YES;
				CLANG_WARN__DUPLICATE_METHOD_MATCH = YES;
				"CODE_SIGN_IDENTITY[sdk=iphoneos*]" = "iPhone Developer";
				COPY_PHASE_STRIP = NO;
				DEBUG_INFORMATION_FORMAT = "dwarf-with-dsym";
				ENABLE_NS_ASSERTIONS = NO;
				ENABLE_STRICT_OBJC_MSGSEND = YES;
				GCC_C_LANGUAGE_STANDARD = gnu99;
				GCC_NO_COMMON_BLOCKS = YES;
				GCC_WARN_64_TO_32_BIT_CONVERSION = YES;
				GCC_WARN_ABOUT_RETURN_TYPE = YES_ERROR;
				GCC_WARN_UNDECLARED_SELECTOR = YES;
				GCC_WARN_UNINITIALIZED_AUTOS = YES_AGGRESSIVE;
				GCC_WARN_UNUSED_FUNCTION = YES;
				GCC_WARN_UNUSED_VARIABLE = YES;
				IPHONEOS_DEPLOYMENT_TARGET = 9.0;
				MTL_ENABLE_DEBUG_INFO = NO;
				SDKROOT = iphoneos;
				TARGETED_DEVICE_FAMILY = "1,2";
				VALIDATE_PRODUCT = YES;
			};
			name = Release;
		};
		6270DB421BD853CE0050EC58 /* Debug */ = {
			isa = XCBuildConfiguration;
			buildSettings = {
				ASSETCATALOG_COMPILER_APPICON_NAME = AppIcon;
				INFOPLIST_FILE = WeArePennState/Info.plist;
				LD_RUNPATH_SEARCH_PATHS = "$(inherited) @executable_path/Frameworks";
				PRODUCT_BUNDLE_IDENTIFIER = edu.psu.cse.kmh5754.WeArePennState;
				PRODUCT_NAME = "$(TARGET_NAME)";
			};
			name = Debug;
		};
		6270DB431BD853CE0050EC58 /* Release */ = {
			isa = XCBuildConfiguration;
			buildSettings = {
				ASSETCATALOG_COMPILER_APPICON_NAME = AppIcon;
				INFOPLIST_FILE = WeArePennState/Info.plist;
				LD_RUNPATH_SEARCH_PATHS = "$(inherited) @executable_path/Frameworks";
				PRODUCT_BUNDLE_IDENTIFIER = edu.psu.cse.kmh5754.WeArePennState;
				PRODUCT_NAME = "$(TARGET_NAME)";
			};
			name = Release;
		};
/* End XCBuildConfiguration section */

/* Begin XCConfigurationList section */
		6270DB2A1BD853CE0050EC58 /* Build configuration list for PBXProject "WeArePennState" */ = {
			isa = XCConfigurationList;
			buildConfigurations = (
				6270DB3F1BD853CE0050EC58 /* Debug */,
				6270DB401BD853CE0050EC58 /* Release */,
			);
			defaultConfigurationIsVisible = 0;
			defaultConfigurationName = Release;
		};
		6270DB411BD853CE0050EC58 /* Build configuration list for PBXNativeTarget "WeArePennState" */ = {
			isa = XCConfigurationList;
			buildConfigurations = (
				6270DB421BD853CE0050EC58 /* Debug */,
				6270DB431BD853CE0050EC58 /* Release */,
			);
			defaultConfigurationIsVisible = 0;
		};
/* End XCConfigurationList section */
	};
	rootObject = 6270DB271BD853CE0050EC58 /* Project object */;
}
